lockfileVersion: 5.3

specifiers:
  '@swc/cli': ^0.1.57
  '@swc/core': ^1.2.162
  swc-loader: ^0.1.15

devDependencies:
  '@swc/cli': 0.1.57_@swc+core@1.2.162
  '@swc/core': 1.2.162
  swc-loader: 0.1.15_@swc+core@1.2.162

packages:

  /@nodelib/fs.scandir/2.1.5:
    resolution: {integrity: sha512-vq24Bq3ym5HEQm2NKCr3yXDwjc7vTsEThRDnkp2DK9p1uqLR+DHurm/NOTo0KG7HYHU7eppKZj3MyqYuMBf62g==}
    engines: {node: '>= 8'}
    dependencies:
      '@nodelib/fs.stat': 2.0.5
      run-parallel: 1.2.0
    dev: true

  /@nodelib/fs.stat/2.0.5:
    resolution: {integrity: sha512-RkhPPp2zrqDAQA/2jNhnztcPAlv64XdhIp7a7454A5ovI7Bukxgt7MX7udwAu3zg1DcpPU0rz3VV1SeaqvY4+A==}
    engines: {node: '>= 8'}
    dev: true

  /@nodelib/fs.walk/1.2.8:
    resolution: {integrity: sha512-oGB+UxlgWcgQkgwo8GcEGwemoTFt3FIO9ababBmaGwXIoBKZ+GTy0pP185beGg7Llih/NSHSV2XAs1lnznocSg==}
    engines: {node: '>= 8'}
    dependencies:
      '@nodelib/fs.scandir': 2.1.5
      fastq: 1.13.0
    dev: true

  /@swc/cli/0.1.57_@swc+core@1.2.162:
    resolution: {integrity: sha512-HxM8TqYHhAg+zp7+RdTU69bnkl4MWdt1ygyp6BDIPjTiaJVH6Dizn2ezbgDS8mnFZI1FyhKvxU/bbaUs8XhzQg==}
    engines: {node: '>= 12.13'}
    hasBin: true
    peerDependencies:
      '@swc/core': ^1.2.66
      chokidar: ^3.5.1
    peerDependenciesMeta:
      chokidar:
        optional: true
    dependencies:
      '@swc/core': 1.2.162
      commander: 7.2.0
      fast-glob: 3.2.11
      slash: 3.0.0
      source-map: 0.7.3
    dev: true

  /@swc/core-android-arm-eabi/1.2.162:
    resolution: {integrity: sha512-mQSuLspB1qBAYXyDP0Da60tPumhwD0CIm7tMjAFiOplEJN+9YKBlZ3EV9Xc1wF5bdWzJpmzmqEdN9FEfOQqlwQ==}
    engines: {node: '>=10'}
    cpu: [arm]
    os: [android]
    requiresBuild: true
    dev: true
    optional: true

  /@swc/core-android-arm64/1.2.162:
    resolution: {integrity: sha512-9TuuTrsrxbw1W1xUfcmRuEIKImJC725S/4McSFpoylYRIoHzD1DPpgP4fquU0/fzq7rldVD1tu4tg3xvEL8auw==}
    engines: {node: '>=10'}
    cpu: [arm64]
    os: [android]
    requiresBuild: true
    dev: true
    optional: true

  /@swc/core-darwin-arm64/1.2.162:
    resolution: {integrity: sha512-gWJjD7NqKVxGFSJ4BeTXfBpRRRkxaQcWmmkwoXDQ1tmLRUX6K3V8MXp41mTdg7jJWDyKq4VTN6D8zLQcCUEhmQ==}
    engines: {node: '>=10'}
    cpu: [arm64]
    os: [darwin]
    requiresBuild: true
    dev: true
    optional: true

  /@swc/core-darwin-x64/1.2.162:
    resolution: {integrity: sha512-+3foKCmxiMuPp1UCIPUg3N8CuzFRDPoPEQagz3TKT8W7Bkv9SXeIL8LPuwfH970rIcx1Ie/Q2UWXJwbckVmMHQ==}
    engines: {node: '>=10'}
    cpu: [x64]
    os: [darwin]
    requiresBuild: true
    dev: true
    optional: true

  /@swc/core-freebsd-x64/1.2.162:
    resolution: {integrity: sha512-YdfQgALPwJ6ZCvfqLlytCvZG/r/ZgBlOa0gaZvMGl6WMpnWgoVPA5OYBA5qzstg/OEWjMu6fldi+lElsvq8v2Q==}
    engines: {node: '>=10'}
    cpu: [x64]
    os: [freebsd]
    requiresBuild: true
    dev: true
    optional: true

  /@swc/core-linux-arm-gnueabihf/1.2.162:
    resolution: {integrity: sha512-4elULEP2JWvSpEEI7JmhoI25cRQ2/ffBtf3+4vLlcAgJCdCrkYvHJO2fbWlN1fpydj34QabMsOROYS4ff4p0Og==}
    engines: {node: '>=10'}
    cpu: [arm]
    os: [linux]
    requiresBuild: true
    dev: true
    optional: true

  /@swc/core-linux-arm64-gnu/1.2.162:
    resolution: {integrity: sha512-ZgR1J8H4qI7EuADgHEeDBtiiF8yt6vrznVtaBvEInDPdV9W10QNKsTqhuFkTfOqaHAO2u1+MkZRuvALGahdDaQ==}
    engines: {node: '>=10'}
    cpu: [arm64]
    os: [linux]
    requiresBuild: true
    dev: true
    optional: true

  /@swc/core-linux-arm64-musl/1.2.162:
    resolution: {integrity: sha512-1Egev+v8wlr7zPaS715sG7flzbGE0OLtcCR7p7oUqD/NbKwlA6czMch5JwNWvdRMjLThTYEeJ/ID+/xG8BqXUg==}
    engines: {node: '>=10'}
    cpu: [arm64]
    os: [linux]
    requiresBuild: true
    dev: true
    optional: true

  /@swc/core-linux-x64-gnu/1.2.162:
    resolution: {integrity: sha512-LFWV+8h6S3KmzVgHXRYpGYsaytGt+Vrbm8554ugUdzk465JnHyKzw3e6VRcJTxAGgXa+o1qUEkeBg7Wc/WWkmQ==}
    engines: {node: '>=10'}
    cpu: [x64]
    os: [linux]
    requiresBuild: true
    dev: true
    optional: true

  /@swc/core-linux-x64-musl/1.2.162:
    resolution: {integrity: sha512-q5insucuYBVCjpDp8/EG3dbt2PFwGAo2vFzofr/lOlOo9p90jCzFRL0+eXg4Ar1YG6BL+T9o5LhFRggY+YHIBg==}
    engines: {node: '>=10'}
    cpu: [x64]
    os: [linux]
    requiresBuild: true
    dev: true
    optional: true

  /@swc/core-win32-arm64-msvc/1.2.162:
    resolution: {integrity: sha512-xzksaPOqB3a8gxLoE0ZMi5w2NX9zzYDylmM3qbCVqft6IZid2XFG2lPFIwxJV1xfW68xMgAe0IECnjp/nQsS8g==}
    engines: {node: '>=10'}
    cpu: [arm64]
    os: [win32]
    requiresBuild: true
    dev: true
    optional: true

  /@swc/core-win32-ia32-msvc/1.2.162:
    resolution: {integrity: sha512-hUvS7UaSW+h16SSH7GwH571L2GnqWHPsiSKIDUvv1b/lca7dLcCY8RzsKafB/GLU+5EBQIN3nab3nH0vOWRkvw==}
    engines: {node: '>=10'}
    cpu: [ia32]
    os: [win32]
    requiresBuild: true
    dev: true
    optional: true

  /@swc/core-win32-x64-msvc/1.2.162:
    resolution: {integrity: sha512-Eb0SehVYWO5TpYeaPAD3T3iIPpgJa1q/rmvgMDvL0hi4UnOJlvj43kC4Dhuor6opLd6fJkCS7gBq9SxtGtb8bQ==}
    engines: {node: '>=10'}
    cpu: [x64]
    os: [win32]
    requiresBuild: true
    dev: true
    optional: true

  /@swc/core/1.2.162:
    resolution: {integrity: sha512-MFBmoV2qgGvi5bPX1tH3NLtWV4exa5jTCkC/30mdP5PTwEsxKJ5u+m1fuYOlgzDiBlytx8AihVZy2TmXhWZByw==}
    engines: {node: '>=10'}
    hasBin: true
    optionalDependencies:
      '@swc/core-android-arm-eabi': 1.2.162
      '@swc/core-android-arm64': 1.2.162
      '@swc/core-darwin-arm64': 1.2.162
      '@swc/core-darwin-x64': 1.2.162
      '@swc/core-freebsd-x64': 1.2.162
      '@swc/core-linux-arm-gnueabihf': 1.2.162
      '@swc/core-linux-arm64-gnu': 1.2.162
      '@swc/core-linux-arm64-musl': 1.2.162
      '@swc/core-linux-x64-gnu': 1.2.162
      '@swc/core-linux-x64-musl': 1.2.162
      '@swc/core-win32-arm64-msvc': 1.2.162
      '@swc/core-win32-ia32-msvc': 1.2.162
      '@swc/core-win32-x64-msvc': 1.2.162
    dev: true

  /big.js/5.2.2:
    resolution: {integrity: sha512-vyL2OymJxmarO8gxMr0mhChsO9QGwhynfuu4+MHTAW6czfq9humCB7rKpUjDd9YUiDPU4mzpyupFSvOClAwbmQ==}
    dev: true

  /braces/3.0.2:
    resolution: {integrity: sha512-b8um+L1RzM3WDSzvhm6gIz1yfTbBt6YTlcEKAvsmqCZZFw46z626lVj9j1yEPW33H5H+lBQpZMP1k8l+78Ha0A==}
    engines: {node: '>=8'}
    dependencies:
      fill-range: 7.0.1
    dev: true

  /commander/7.2.0:
    resolution: {integrity: sha512-QrWXB+ZQSVPmIWIhtEO9H+gwHaMGYiF5ChvoJ+K9ZGHG/sVsa6yiesAD1GC/x46sET00Xlwo1u49RVVVzvcSkw==}
    engines: {node: '>= 10'}
    dev: true

  /emojis-list/3.0.0:
    resolution: {integrity: sha512-/kyM18EfinwXZbno9FyUGeFh87KC8HRQBQGildHZbEuRyWFOmv1U10o9BBp8XVZDVNNuQKyIGIu5ZYAAXJ0V2Q==}
    engines: {node: '>= 4'}
    dev: true

  /fast-glob/3.2.11:
    resolution: {integrity: sha512-xrO3+1bxSo3ZVHAnqzyuewYT6aMFHRAd4Kcs92MAonjwQZLsK9d0SF1IyQ3k5PoirxTW0Oe/RqFgMQ6TcNE5Ew==}
    engines: {node: '>=8.6.0'}
    dependencies:
      '@nodelib/fs.stat': 2.0.5
      '@nodelib/fs.walk': 1.2.8
      glob-parent: 5.1.2
      merge2: 1.4.1
      micromatch: 4.0.5
    dev: true

  /fastq/1.13.0:
    resolution: {integrity: sha512-YpkpUnK8od0o1hmeSc7UUs/eB/vIPWJYjKck2QKIzAf71Vm1AAQ3EbuZB3g2JIy+pg+ERD0vqI79KyZiB2e2Nw==}
    dependencies:
      reusify: 1.0.4
    dev: true

  /fill-range/7.0.1:
    resolution: {integrity: sha512-qOo9F+dMUmC2Lcb4BbVvnKJxTPjCm+RRpe4gDuGrzkL7mEVl/djYSu2OdQ2Pa302N4oqkSg9ir6jaLWJ2USVpQ==}
    engines: {node: '>=8'}
    dependencies:
      to-regex-range: 5.0.1
    dev: true

  /glob-parent/5.1.2:
    resolution: {integrity: sha512-AOIgSQCepiJYwP3ARnGx+5VnTu2HBYdzbGP45eLw1vr3zB3vZLeyed1sC9hnbcOc9/SrMyM5RPQrkGz4aS9Zow==}
    engines: {node: '>= 6'}
    dependencies:
      is-glob: 4.0.3
    dev: true

  /is-extglob/2.1.1:
    resolution: {integrity: sha1-qIwCU1eR8C7TfHahueqXc8gz+MI=}
    engines: {node: '>=0.10.0'}
    dev: true

  /is-glob/4.0.3:
    resolution: {integrity: sha512-xelSayHH36ZgE7ZWhli7pW34hNbNl8Ojv5KVmkJD4hBdD3th8Tfk9vYasLM+mXWOZhFkgZfxhLSnrwRr4elSSg==}
    engines: {node: '>=0.10.0'}
    dependencies:
      is-extglob: 2.1.1
    dev: true

  /is-number/7.0.0:
    resolution: {integrity: sha512-41Cifkg6e8TylSpdtTpeLVMqvSBEVzTttHvERD741+pnZ8ANv0004MRL43QKPDlK9cGvNp6NZWZUBlbGXYxxng==}
    engines: {node: '>=0.12.0'}
    dev: true

  /json5/2.2.1:
    resolution: {integrity: sha512-1hqLFMSrGHRHxav9q9gNjJ5EXznIxGVO09xQRrwplcS8qs28pZ8s8hupZAmqDwZUmVZ2Qb2jnyPOWcDH8m8dlA==}
    engines: {node: '>=6'}
    hasBin: true
    dev: true

  /loader-utils/2.0.2:
    resolution: {integrity: sha512-TM57VeHptv569d/GKh6TAYdzKblwDNiumOdkFnejjD0XwTH87K90w3O7AiJRqdQoXygvi1VQTJTLGhJl7WqA7A==}
    engines: {node: '>=8.9.0'}
    dependencies:
      big.js: 5.2.2
      emojis-list: 3.0.0
      json5: 2.2.1
    dev: true

  /merge2/1.4.1:
    resolution: {integrity: sha512-8q7VEgMJW4J8tcfVPy8g09NcQwZdbwFEqhe/WZkoIzjn/3TGDwtOCYtXGxA3O8tPzpczCCDgv+P2P5y00ZJOOg==}
    engines: {node: '>= 8'}
    dev: true

  /micromatch/4.0.5:
    resolution: {integrity: sha512-DMy+ERcEW2q8Z2Po+WNXuw3c5YaUSFjAO5GsJqfEl7UjvtIuFKO6ZrKvcItdy98dwFI2N1tg3zNIdKaQT+aNdA==}
    engines: {node: '>=8.6'}
    dependencies:
      braces: 3.0.2
      picomatch: 2.3.1
    dev: true

  /picomatch/2.3.1:
    resolution: {integrity: sha512-JU3teHTNjmE2VCGFzuY8EXzCDVwEqB2a8fsIvwaStHhAWJEeVd1o1QD80CU6+ZdEXXSLbSsuLwJjkCBWqRQUVA==}
    engines: {node: '>=8.6'}
    dev: true

  /queue-microtask/1.2.3:
    resolution: {integrity: sha512-NuaNSa6flKT5JaSYQzJok04JzTL1CA6aGhv5rfLW3PgqA+M2ChpZQnAC8h8i4ZFkBS8X5RqkDBHA7r4hej3K9A==}
    dev: true

  /reusify/1.0.4:
    resolution: {integrity: sha512-U9nH88a3fc/ekCF1l0/UP1IosiuIjyTh7hBvXVMHYgVcfGvt897Xguj2UOLDeI5BG2m7/uwyaLVT6fbtCwTyzw==}
    engines: {iojs: '>=1.0.0', node: '>=0.10.0'}
    dev: true

  /run-parallel/1.2.0:
    resolution: {integrity: sha512-5l4VyZR86LZ/lDxZTR6jqL8AFE2S0IFLMP26AbjsLVADxHdhB/c0GUsH+y39UfCi3dzz8OlQuPmnaJOMoDHQBA==}
    dependencies:
      queue-microtask: 1.2.3
    dev: true

  /slash/3.0.0:
    resolution: {integrity: sha512-g9Q1haeby36OSStwb4ntCGGGaKsaVSjQ68fBxoQcutl5fS1vuY18H3wSt3jFyFtrkx+Kz0V1G85A4MyAdDMi2Q==}
    engines: {node: '>=8'}
    dev: true

  /source-map/0.7.3:
    resolution: {integrity: sha512-CkCj6giN3S+n9qrYiBTX5gystlENnRW5jZeNLHpe6aue+SrHcG5VYwujhW9s4dY31mEGsxBDrHR6oI69fTXsaQ==}
    engines: {node: '>= 8'}
    dev: true

  /swc-loader/0.1.15_@swc+core@1.2.162:
    resolution: {integrity: sha512-cn1WPIeQJvXM4bbo3OwdEIapsQ4uUGOfyFj0h2+2+brT0k76DCGnZXDE2KmcqTd2JSQ+b61z2NPMib7eEwMYYw==}
    peerDependencies:
      '@swc/core': ^1.2.52
      webpack: '>=2'
    dependencies:
      '@swc/core': 1.2.162
      loader-utils: 2.0.2
    dev: true

  /to-regex-range/5.0.1:
    resolution: {integrity: sha512-65P7iz6X5yEr1cwcgvQxbbIw7Uk3gOy5dIdtZ4rDveLqhrdJP+Li/Hx6tyK0NEb+2GCyneCMJiGqrADCSNk8sQ==}
    engines: {node: '>=8.0'}
    dependencies:
      is-number: 7.0.0
    dev: true
